PODS:
  - Flutter (1.0.0)
  - specter_rust (0.1.0):
    - Flutter

DEPENDENCIES:
  - Flutter (from `Flutter`)
  - specter_rust (from `.symlinks/plugins/specter_rust/ios`)

EXTERNAL SOURCES:
  Flutter:
    :path: Flutter
  specter_rust:
    :path: ".symlinks/plugins/specter_rust/ios"

SPEC CHECKSUMS:
  Flutter: 434fef37c0980e73bb6479ef766c45957d4b510c
  specter_rust: b97f154c029a2424294c74e4e7f001a2801051e1

PODFILE CHECKSUM: aafe91acc616949ddb318b77800a7f51bffa2a4c

COCOAPODS: 1.10.1
